
Microsoft Visual Studio Solution File, Format Version 12.00
# Visual Studio 2013
VisualStudioVersion = 12.0.30723.0
MinimumVisualStudioVersion = 10.0.40219.1
Project("{FAE04EC0-301F-11D3-BF4B-00C04F79EFBC}") = "Graph.Data", "Graph.Data\Graph.Data.csproj", "{F29B7D14-AE8B-4CC6-90DA-7349017A8D7D}"
EndProject
Project("{FAE04EC0-301F-11D3-BF4B-00C04F79EFBC}") = "GraphUnitTests", "GraphUnitTests\GraphUnitTests.csproj", "{32A1F89A-431F-4F48-B517-13ADF6394DDB}"
EndProject
Global
	GlobalSection(SolutionConfigurationPlatforms) = preSolution
		Debug|Any CPU = Debug|Any CPU
		Release|Any CPU = Release|Any CPU
	EndGlobalSection
	GlobalSection(ProjectConfigurationPlatforms) = postSolution
		{F29B7D14-AE8B-4CC6-90DA-7349017A8D7D}.Debug|Any CPU.ActiveCfg = Debug|Any CPU
		{F29B7D14-AE8B-4CC6-90DA-7349017A8D7D}.Debug|Any CPU.Build.0 = Debug|Any CPU
		{F29B7D14-AE8B-4CC6-90DA-7349017A8D7D}.Release|Any CPU.ActiveCfg = Release|Any CPU
		{F29B7D14-AE8B-4CC6-90DA-7349017A8D7D}.Release|Any CPU.Build.0 = Release|Any CPU
		{32A1F89A-431F-4F48-B517-13ADF6394DDB}.Debug|Any CPU.ActiveCfg = Debug|Any CPU
		{32A1F89A-431F-4F48-B517-13ADF6394DDB}.Debug|Any CPU.Build.0 = Debug|Any CPU
		{32A1F89A-431F-4F48-B517-13ADF6394DDB}.Release|Any CPU.ActiveCfg = Release|Any CPU
		{32A1F89A-431F-4F48-B517-13ADF6394DDB}.Release|Any CPU.Build.0 = Release|Any CPU
	EndGlobalSection
	GlobalSection(SolutionProperties) = preSolution
		HideSolutionNode = FALSE
	EndGlobalSection
EndGlobal
